
Microsoft Visual Studio Solution File, Format Version 12.00
# Visual Studio Version 16
VisualStudioVersion = 16.0.31911.196
MinimumVisualStudioVersion = 10.0.40219.1
Project("{FAE04EC0-301F-11D3-BF4B-00C04F79EFBC}") = "UsersFuncApp", "UsersFuncApp.csproj", "{C94D6A70-6140-4A09-B0C9-258FCB36D621}"
EndProject
Global
	GlobalSection(SolutionConfigurationPlatforms) = preSolution
		Debug|Any CPU = Debug|Any CPU
		Release|Any CPU = Release|Any CPU
	EndGlobalSection
	GlobalSection(ProjectConfigurationPlatforms) = postSolution
		{C94D6A70-6140-4A09-B0C9-258FCB36D621}.Debug|Any CPU.ActiveCfg = Debug|Any CPU
		{C94D6A70-6140-4A09-B0C9-258FCB36D621}.Debug|Any CPU.Build.0 = Debug|Any CPU
		{C94D6A70-6140-4A09-B0C9-258FCB36D621}.Release|Any CPU.ActiveCfg = Release|Any CPU
		{C94D6A70-6140-4A09-B0C9-258FCB36D621}.Release|Any CPU.Build.0 = Release|Any CPU
	EndGlobalSection
	GlobalSection(SolutionProperties) = preSolution
		HideSolutionNode = FALSE
	EndGlobalSection
	GlobalSection(ExtensibilityGlobals) = postSolution
		SolutionGuid = {3B89B4DE-F3B9-437D-B5CD-57A3C6BD24C9}
	EndGlobalSection
EndGlobal
